// !$*UTF8*$!
{
	archiveVersion = 1;
	classes = {
	};
	objectVersion = 56;
	objects = {

/* Begin PBXBuildFile section */
		0D36A685116CEE933A279775 /* confet.json in Resources */ = {isa = PBXBuildFile; fileRef = BB7AF953F33E16AA056BD315 /* confet.json */; };
		12AC2951EEDF26A5C9285F62 /* ContactRowView.swift in Sources */ = {isa = PBXBuildFile; fileRef = 95C4A0D64F78EC0E7A473DE0 /* ContactRowView.swift */; };
		1CDE02B2315CF4E917EE8A1F /* UserDefaultsManager.swift in Sources */ = {isa = PBXBuildFile; fileRef = 77B0B7267B5194447324477A /* UserDefaultsManager.swift */; };
		21363747131437206CEE1E82 /* Conv.json in Resources */ = {isa = PBXBuildFile; fileRef = C76EF7FCB9E7C4A9D880E7AF /* Conv.json */; };
		232E776F89D227378E07AA92 /* intro.json in Resources */ = {isa = PBXBuildFile; fileRef = 95BCA2FFFDEEB6187DEEB2BD /* intro.json */; };
		25385329F2CCCDBDB2EE0018 /* ContentView.swift in Sources */ = {isa = PBXBuildFile; fileRef = 84D5B34872CBA4EC199DA801 /* ContentView.swift */; };
		302110A0E94E8382D85A7041 /* ContactListViewModel.swift in Sources */ = {isa = PBXBuildFile; fileRef = 7E8A4A7B7DA4E0F98972B9FC /* ContactListViewModel.swift */; };
		34C5A6764B3D5DAB30343633 /* UserViewModel.swift in Sources */ = {isa = PBXBuildFile; fileRef = FC8F585A2D51D89D687B184A /* UserViewModel.swift */; };
		3EBD40ACB81C6A40A200D36E /* AppConstants.swift in Sources */ = {isa = PBXBuildFile; fileRef = 865DB6510304A51A9C5691D1 /* AppConstants.swift */; };
		40429D4FC81E8E6A9369ACA9 /* LikedContactModel.swift in Sources */ = {isa = PBXBuildFile; fileRef = 10CF14627178636730D50C46 /* LikedContactModel.swift */; };
		4CD10A36A09976FBB3100AD1 /* MissMatchApp.swift in Sources */ = {isa = PBXBuildFile; fileRef = D66BEFC428B4FBB231B40A19 /* MissMatchApp.swift */; };
		55B81CDF98AD7502457196C3 /* MyCard.swift in Sources */ = {isa = PBXBuildFile; fileRef = 551D15511671AD7A0D8589BD /* MyCard.swift */; };
		6D31BF0330FEAB00528B804F /* SignInView.swift in Sources */ = {isa = PBXBuildFile; fileRef = 5A787FFDEAF6D1A582401AC8 /* SignInView.swift */; };
		6EE6AD4E5E35FCD47F03EB11 /* Lottie in Frameworks */ = {isa = PBXBuildFile; productRef = 13EA80C3D16560AD56EF3A80 /* Lottie */; };
		75199C71DEE79AC3E54AFB35 /* ContactRequest.swift in Sources */ = {isa = PBXBuildFile; fileRef = 566B006113220AF2266E1CEB /* ContactRequest.swift */; };
		775CFDA1B8A5DC9FCA79EF21 /* NetworkManager.swift in Sources */ = {isa = PBXBuildFile; fileRef = BB45035EFF6E7F97B15A4DBB /* NetworkManager.swift */; };
		7907858DDFF3DE254DF00B13 /* Assets.xcassets in Resources */ = {isa = PBXBuildFile; fileRef = FFD758FB3BDD3619940BF081 /* Assets.xcassets */; };
		8438A6799EC55B30BB2789DF /* LottieView.swift in Sources */ = {isa = PBXBuildFile; fileRef = 5CA76667A7D2CE3AAC659D26 /* LottieView.swift */; };
		88955DD33C5ADF119B1E558B /* LikesRepository.swift in Sources */ = {isa = PBXBuildFile; fileRef = 5BA22CD4352FEB0FC6104A5F /* LikesRepository.swift */; };
		8FE32526299CBB1A2434683C /* ContactPermissonView.swift in Sources */ = {isa = PBXBuildFile; fileRef = CA97790FDB3348567996C1D4 /* ContactPermissonView.swift */; };
		9E53F3E82F4437171B38C74D /* ContactList.swift in Sources */ = {isa = PBXBuildFile; fileRef = 663674A4A95DC8C5709FF1F0 /* ContactList.swift */; };
		A0F9F06EF8DFCE3A2C307B67 /* MyOwnNumberView.swift in Sources */ = {isa = PBXBuildFile; fileRef = FF497353C64C30D89CBCA289 /* MyOwnNumberView.swift */; };
		A91A17691EE4344B3890A026 /* ContactModel.swift in Sources */ = {isa = PBXBuildFile; fileRef = 47CA532E3D057293A5A56260 /* ContactModel.swift */; };
		AEB8FE54FB7C123362A5D1DB /* User.swift in Sources */ = {isa = PBXBuildFile; fileRef = CCCDF0F32F245DB3FBF82862 /* User.swift */; };
		B5E9E848CBDE4364628103D1 /* SplashScreenView.swift in Sources */ = {isa = PBXBuildFile; fileRef = 8433A7FDA20DE9B5BE34C2FB /* SplashScreenView.swift */; };
		B7096BF752C65DCAA9E4F750 /* Confetti.json in Resources */ = {isa = PBXBuildFile; fileRef = F758428A958B02EE41D4B284 /* Confetti.json */; };
		C48E423E036E3A4EFA59B728 /* ColorHelper.swift in Sources */ = {isa = PBXBuildFile; fileRef = C8719C22CC0E8278612A33E7 /* ColorHelper.swift */; };
		C57B628F283047CE21B2581D /* CountryCodes.swift in Sources */ = {isa = PBXBuildFile; fileRef = 7F04CCC0C0498CC5C8C6E0B4 /* CountryCodes.swift */; };
		D61AC5556B3F307F896662AC /* SaveContactRequest.swift in Sources */ = {isa = PBXBuildFile; fileRef = 60BE087628632A91F665E327 /* SaveContactRequest.swift */; };
		D87C26F912CA16234F6F9143 /* Con2.json in Resources */ = {isa = PBXBuildFile; fileRef = 07B04955D4371849227A4C07 /* Con2.json */; };
		DE2CE924E321DC64FBFB7396 /* Preview Assets.xcassets in Resources */ = {isa = PBXBuildFile; fileRef = 4D4EE6BB9F62257F67C4A2DB /* Preview Assets.xcassets */; };
		E088E8043B750D9D9C44AD07 /* ContactListView.swift in Sources */ = {isa = PBXBuildFile; fileRef = 6C87BF7019C659AEDFA294D0 /* ContactListView.swift */; };
		E61FB9AEA4FB700E802BFD29 /* PayWallView.swift in Sources */ = {isa = PBXBuildFile; fileRef = 1F5418C5DE69BD11003258D3 /* PayWallView.swift */; };
		EBD4ECA4BA026F105AE13172 /* Likes.swift in Sources */ = {isa = PBXBuildFile; fileRef = 619CDCE7F2A86AF97FB86954 /* Likes.swift */; };
		ED667709EB09DD5735AA468A /* con3.json in Resources */ = {isa = PBXBuildFile; fileRef = 38E1E89F314105980E3E1F39 /* con3.json */; };
		EFA1A6A13078551D3C15EE35 /* PhoneNumberManager.swift in Sources */ = {isa = PBXBuildFile; fileRef = 1498B66107558D7192494917 /* PhoneNumberManager.swift */; };
		F869937A3B8BBCBF2CFFA50B /* ItsAMatchView.swift in Sources */ = {isa = PBXBuildFile; fileRef = 00A19DE06242CD6F85AAC24F /* ItsAMatchView.swift */; };
/* End PBXBuildFile section */

/* Begin PBXFileReference section */
		00A19DE06242CD6F85AAC24F /* ItsAMatchView.swift */ = {isa = PBXFileReference; lastKnownFileType = sourcecode.swift; path = ItsAMatchView.swift; sourceTree = "<group>"; };
		07B04955D4371849227A4C07 /* Con2.json */ = {isa = PBXFileReference; lastKnownFileType = text.json; path = Con2.json; sourceTree = "<group>"; };
		10CF14627178636730D50C46 /* LikedContactModel.swift */ = {isa = PBXFileReference; lastKnownFileType = sourcecode.swift; path = LikedContactModel.swift; sourceTree = "<group>"; };
		1498B66107558D7192494917 /* PhoneNumberManager.swift */ = {isa = PBXFileReference; lastKnownFileType = sourcecode.swift; path = PhoneNumberManager.swift; sourceTree = "<group>"; };
		1F5418C5DE69BD11003258D3 /* PayWallView.swift */ = {isa = PBXFileReference; lastKnownFileType = sourcecode.swift; path = PayWallView.swift; sourceTree = "<group>"; };
		2A30C883FE1ECA6FA85B47D3 /* MissMatch.entitlements */ = {isa = PBXFileReference; lastKnownFileType = text.plist.entitlements; path = MissMatch.entitlements; sourceTree = "<group>"; };
		38E1E89F314105980E3E1F39 /* con3.json */ = {isa = PBXFileReference; lastKnownFileType = text.json; path = con3.json; sourceTree = "<group>"; };
		47CA532E3D057293A5A56260 /* ContactModel.swift */ = {isa = PBXFileReference; lastKnownFileType = sourcecode.swift; path = ContactModel.swift; sourceTree = "<group>"; };
		4D4EE6BB9F62257F67C4A2DB /* Preview Assets.xcassets */ = {isa = PBXFileReference; lastKnownFileType = folder.assetcatalog; path = "Preview Assets.xcassets"; sourceTree = "<group>"; };
		551D15511671AD7A0D8589BD /* MyCard.swift */ = {isa = PBXFileReference; lastKnownFileType = sourcecode.swift; path = MyCard.swift; sourceTree = "<group>"; };
		566B006113220AF2266E1CEB /* ContactRequest.swift */ = {isa = PBXFileReference; lastKnownFileType = sourcecode.swift; path = ContactRequest.swift; sourceTree = "<group>"; };
		5A787FFDEAF6D1A582401AC8 /* SignInView.swift */ = {isa = PBXFileReference; lastKnownFileType = sourcecode.swift; path = SignInView.swift; sourceTree = "<group>"; };
		5BA22CD4352FEB0FC6104A5F /* LikesRepository.swift */ = {isa = PBXFileReference; lastKnownFileType = sourcecode.swift; path = LikesRepository.swift; sourceTree = "<group>"; };
		5CA76667A7D2CE3AAC659D26 /* LottieView.swift */ = {isa = PBXFileReference; lastKnownFileType = sourcecode.swift; path = LottieView.swift; sourceTree = "<group>"; };
		60BE087628632A91F665E327 /* SaveContactRequest.swift */ = {isa = PBXFileReference; lastKnownFileType = sourcecode.swift; path = SaveContactRequest.swift; sourceTree = "<group>"; };
		619CDCE7F2A86AF97FB86954 /* Likes.swift */ = {isa = PBXFileReference; lastKnownFileType = sourcecode.swift; path = Likes.swift; sourceTree = "<group>"; };
		663674A4A95DC8C5709FF1F0 /* ContactList.swift */ = {isa = PBXFileReference; lastKnownFileType = sourcecode.swift; path = ContactList.swift; sourceTree = "<group>"; };
		6C87BF7019C659AEDFA294D0 /* ContactListView.swift */ = {isa = PBXFileReference; lastKnownFileType = sourcecode.swift; path = ContactListView.swift; sourceTree = "<group>"; };
		77B0B7267B5194447324477A /* UserDefaultsManager.swift */ = {isa = PBXFileReference; lastKnownFileType = sourcecode.swift; path = UserDefaultsManager.swift; sourceTree = "<group>"; };
		7E8A4A7B7DA4E0F98972B9FC /* ContactListViewModel.swift */ = {isa = PBXFileReference; lastKnownFileType = sourcecode.swift; path = ContactListViewModel.swift; sourceTree = "<group>"; };
		7F04CCC0C0498CC5C8C6E0B4 /* CountryCodes.swift */ = {isa = PBXFileReference; lastKnownFileType = sourcecode.swift; path = CountryCodes.swift; sourceTree = "<group>"; };
		8433A7FDA20DE9B5BE34C2FB /* SplashScreenView.swift */ = {isa = PBXFileReference; lastKnownFileType = sourcecode.swift; path = SplashScreenView.swift; sourceTree = "<group>"; };
		84D5B34872CBA4EC199DA801 /* ContentView.swift */ = {isa = PBXFileReference; lastKnownFileType = sourcecode.swift; path = ContentView.swift; sourceTree = "<group>"; };
		865DB6510304A51A9C5691D1 /* AppConstants.swift */ = {isa = PBXFileReference; lastKnownFileType = sourcecode.swift; path = AppConstants.swift; sourceTree = "<group>"; };
		95BCA2FFFDEEB6187DEEB2BD /* intro.json */ = {isa = PBXFileReference; lastKnownFileType = text.json; path = intro.json; sourceTree = "<group>"; };
		95C4A0D64F78EC0E7A473DE0 /* ContactRowView.swift */ = {isa = PBXFileReference; lastKnownFileType = sourcecode.swift; path = ContactRowView.swift; sourceTree = "<group>"; };
		BB45035EFF6E7F97B15A4DBB /* NetworkManager.swift */ = {isa = PBXFileReference; lastKnownFileType = sourcecode.swift; path = NetworkManager.swift; sourceTree = "<group>"; };
		BB7AF953F33E16AA056BD315 /* confet.json */ = {isa = PBXFileReference; lastKnownFileType = text.json; path = confet.json; sourceTree = "<group>"; };
		C76EF7FCB9E7C4A9D880E7AF /* Conv.json */ = {isa = PBXFileReference; lastKnownFileType = text.json; path = Conv.json; sourceTree = "<group>"; };
		C8719C22CC0E8278612A33E7 /* ColorHelper.swift */ = {isa = PBXFileReference; lastKnownFileType = sourcecode.swift; path = ColorHelper.swift; sourceTree = "<group>"; };
		CA97790FDB3348567996C1D4 /* ContactPermissonView.swift */ = {isa = PBXFileReference; lastKnownFileType = sourcecode.swift; path = ContactPermissonView.swift; sourceTree = "<group>"; };
		CCCDF0F32F245DB3FBF82862 /* User.swift */ = {isa = PBXFileReference; lastKnownFileType = sourcecode.swift; path = User.swift; sourceTree = "<group>"; };
		D66BEFC428B4FBB231B40A19 /* MissMatchApp.swift */ = {isa = PBXFileReference; lastKnownFileType = sourcecode.swift; path = MissMatchApp.swift; sourceTree = "<group>"; };
		D9E3949C94E19C26DD5074D9 /* MissMatch.app */ = {isa = PBXFileReference; includeInIndex = 0; lastKnownFileType = wrapper.application; path = MissMatch.app; sourceTree = BUILT_PRODUCTS_DIR; };
		F758428A958B02EE41D4B284 /* Confetti.json */ = {isa = PBXFileReference; lastKnownFileType = text.json; path = Confetti.json; sourceTree = "<group>"; };
		FC8F585A2D51D89D687B184A /* UserViewModel.swift */ = {isa = PBXFileReference; lastKnownFileType = sourcecode.swift; path = UserViewModel.swift; sourceTree = "<group>"; };
		FF497353C64C30D89CBCA289 /* MyOwnNumberView.swift */ = {isa = PBXFileReference; lastKnownFileType = sourcecode.swift; path = MyOwnNumberView.swift; sourceTree = "<group>"; };
		FFD758FB3BDD3619940BF081 /* Assets.xcassets */ = {isa = PBXFileReference; lastKnownFileType = folder.assetcatalog; path = Assets.xcassets; sourceTree = "<group>"; };
/* End PBXFileReference section */

/* Begin PBXFrameworksBuildPhase section */
		18D843EBE78724378EA0939E /* Frameworks */ = {
			isa = PBXFrameworksBuildPhase;
			buildActionMask = 2147483647;
			files = (
				6EE6AD4E5E35FCD47F03EB11 /* Lottie in Frameworks */,
			);
			runOnlyForDeploymentPostprocessing = 0;
		};
/* End PBXFrameworksBuildPhase section */

/* Begin PBXGroup section */
		4882AEE4226503F088762783 = {
			isa = PBXGroup;
			children = (
				B4371B1CADBDE06CAE584889 /* MissMatch */,
				BA8A72845C886E967D42DCC0 /* Products */,
			);
			sourceTree = "<group>";
		};
		7666F8040FDC01986130C541 /* Preview Content */ = {
			isa = PBXGroup;
			children = (
				4D4EE6BB9F62257F67C4A2DB /* Preview Assets.xcassets */,
			);
			path = "Preview Content";
			sourceTree = "<group>";
		};
		8986AB4B3CA4A3E9F4EDEE1D /* Helpers */ = {
			isa = PBXGroup;
			children = (
				865DB6510304A51A9C5691D1 /* AppConstants.swift */,
				FFD758FB3BDD3619940BF081 /* Assets.xcassets */,
				C8719C22CC0E8278612A33E7 /* ColorHelper.swift */,
				7F04CCC0C0498CC5C8C6E0B4 /* CountryCodes.swift */,
				5CA76667A7D2CE3AAC659D26 /* LottieView.swift */,
				BB45035EFF6E7F97B15A4DBB /* NetworkManager.swift */,
				1498B66107558D7192494917 /* PhoneNumberManager.swift */,
				77B0B7267B5194447324477A /* UserDefaultsManager.swift */,
				C8A28ACF4D15EAD95AB77782 /* Lottie Files */,
			);
			path = Helpers;
			sourceTree = "<group>";
		};
		B4371B1CADBDE06CAE584889 /* MissMatch */ = {
			isa = PBXGroup;
			children = (
				84D5B34872CBA4EC199DA801 /* ContentView.swift */,
				2A30C883FE1ECA6FA85B47D3 /* MissMatch.entitlements */,
				D66BEFC428B4FBB231B40A19 /* MissMatchApp.swift */,
				8986AB4B3CA4A3E9F4EDEE1D /* Helpers */,
				B96322625A7FB27F65194377 /* Model */,
				7666F8040FDC01986130C541 /* Preview Content */,
				EFD5CA5471A570743DB3B3B2 /* View */,
				C35802C15A69F5940649FBC0 /* ViewModel */,
			);
			path = MissMatch;
			sourceTree = "<group>";
		};
		B96322625A7FB27F65194377 /* Model */ = {
			isa = PBXGroup;
			children = (
				663674A4A95DC8C5709FF1F0 /* ContactList.swift */,
				47CA532E3D057293A5A56260 /* ContactModel.swift */,
				566B006113220AF2266E1CEB /* ContactRequest.swift */,
				10CF14627178636730D50C46 /* LikedContactModel.swift */,
				619CDCE7F2A86AF97FB86954 /* Likes.swift */,
				5BA22CD4352FEB0FC6104A5F /* LikesRepository.swift */,
				551D15511671AD7A0D8589BD /* MyCard.swift */,
				60BE087628632A91F665E327 /* SaveContactRequest.swift */,
				CCCDF0F32F245DB3FBF82862 /* User.swift */,
			);
			path = Model;
			sourceTree = "<group>";
		};
		BA8A72845C886E967D42DCC0 /* Products */ = {
			isa = PBXGroup;
			children = (
				D9E3949C94E19C26DD5074D9 /* MissMatch.app */,
			);
			name = Products;
			sourceTree = "<group>";
		};
		C35802C15A69F5940649FBC0 /* ViewModel */ = {
			isa = PBXGroup;
			children = (
				7E8A4A7B7DA4E0F98972B9FC /* ContactListViewModel.swift */,
				FC8F585A2D51D89D687B184A /* UserViewModel.swift */,
			);
			path = ViewModel;
			sourceTree = "<group>";
		};
		C8A28ACF4D15EAD95AB77782 /* Lottie Files */ = {
			isa = PBXGroup;
			children = (
				07B04955D4371849227A4C07 /* Con2.json */,
				38E1E89F314105980E3E1F39 /* con3.json */,
				BB7AF953F33E16AA056BD315 /* confet.json */,
				F758428A958B02EE41D4B284 /* Confetti.json */,
				C76EF7FCB9E7C4A9D880E7AF /* Conv.json */,
				95BCA2FFFDEEB6187DEEB2BD /* intro.json */,
			);
			path = "Lottie Files";
			sourceTree = "<group>";
		};
		EFD5CA5471A570743DB3B3B2 /* View */ = {
			isa = PBXGroup;
			children = (
				6C87BF7019C659AEDFA294D0 /* ContactListView.swift */,
				CA97790FDB3348567996C1D4 /* ContactPermissonView.swift */,
				95C4A0D64F78EC0E7A473DE0 /* ContactRowView.swift */,
				00A19DE06242CD6F85AAC24F /* ItsAMatchView.swift */,
				FF497353C64C30D89CBCA289 /* MyOwnNumberView.swift */,
				1F5418C5DE69BD11003258D3 /* PayWallView.swift */,
				5A787FFDEAF6D1A582401AC8 /* SignInView.swift */,
				8433A7FDA20DE9B5BE34C2FB /* SplashScreenView.swift */,
			);
			path = View;
			sourceTree = "<group>";
		};
/* End PBXGroup section */

/* Begin PBXNativeTarget section */
		5418D1AC7744D3B26E85BE92 /* MissMatch */ = {
			isa = PBXNativeTarget;
			buildConfigurationList = 50A97D27086D9FF1B09D8053 /* Build configuration list for PBXNativeTarget "MissMatch" */;
			buildPhases = (
				783A2D33C81166BC0EBA3BF0 /* Sources */,
				79FA8CACA7DCAB35E035D371 /* Resources */,
				18D843EBE78724378EA0939E /* Frameworks */,
			);
			buildRules = (
			);
			dependencies = (
			);
			name = MissMatch;
			packageProductDependencies = (
				13EA80C3D16560AD56EF3A80 /* Lottie */,
			);
			productName = MissMatch;
			productReference = D9E3949C94E19C26DD5074D9 /* MissMatch.app */;
			productType = "com.apple.product-type.application";
		};
/* End PBXNativeTarget section */

/* Begin PBXProject section */
		D4C7204625A13812249991F9 /* Project object */ = {
			isa = PBXProject;
			attributes = {
				BuildIndependentTargetsInParallel = YES;
				LastUpgradeCheck = 1430;
				TargetAttributes = {
					5418D1AC7744D3B26E85BE92 = {
						DevelopmentTeam = 5V5EUT3ZXJ;
					};
				};
			};
			buildConfigurationList = 9408F490027B9EC011A23583 /* Build configuration list for PBXProject "MissMatch" */;
			compatibilityVersion = "Xcode 14.0";
			developmentRegion = en;
			hasScannedForEncodings = 0;
			knownRegions = (
				Base,
				en,
			);
			mainGroup = 4882AEE4226503F088762783;
			packageReferences = (
				72EB55C5FAFCF418FF2336CA /* XCRemoteSwiftPackageReference "lottie-ios" */,
			);
			projectDirPath = "";
			projectRoot = "";
			targets = (
				5418D1AC7744D3B26E85BE92 /* MissMatch */,
			);
		};
/* End PBXProject section */

/* Begin PBXResourcesBuildPhase section */
		79FA8CACA7DCAB35E035D371 /* Resources */ = {
			isa = PBXResourcesBuildPhase;
			buildActionMask = 2147483647;
			files = (
				7907858DDFF3DE254DF00B13 /* Assets.xcassets in Resources */,
				D87C26F912CA16234F6F9143 /* Con2.json in Resources */,
				B7096BF752C65DCAA9E4F750 /* Confetti.json in Resources */,
				21363747131437206CEE1E82 /* Conv.json in Resources */,
				DE2CE924E321DC64FBFB7396 /* Preview Assets.xcassets in Resources */,
				ED667709EB09DD5735AA468A /* con3.json in Resources */,
				0D36A685116CEE933A279775 /* confet.json in Resources */,
				232E776F89D227378E07AA92 /* intro.json in Resources */,
			);
			runOnlyForDeploymentPostprocessing = 0;
		};
/* End PBXResourcesBuildPhase section */

/* Begin PBXSourcesBuildPhase section */
		783A2D33C81166BC0EBA3BF0 /* Sources */ = {
			isa = PBXSourcesBuildPhase;
			buildActionMask = 2147483647;
			files = (
				3EBD40ACB81C6A40A200D36E /* AppConstants.swift in Sources */,
				C48E423E036E3A4EFA59B728 /* ColorHelper.swift in Sources */,
				9E53F3E82F4437171B38C74D /* ContactList.swift in Sources */,
				E088E8043B750D9D9C44AD07 /* ContactListView.swift in Sources */,
				302110A0E94E8382D85A7041 /* ContactListViewModel.swift in Sources */,
				A91A17691EE4344B3890A026 /* ContactModel.swift in Sources */,
				8FE32526299CBB1A2434683C /* ContactPermissonView.swift in Sources */,
				75199C71DEE79AC3E54AFB35 /* ContactRequest.swift in Sources */,
				12AC2951EEDF26A5C9285F62 /* ContactRowView.swift in Sources */,
				25385329F2CCCDBDB2EE0018 /* ContentView.swift in Sources */,
				C57B628F283047CE21B2581D /* CountryCodes.swift in Sources */,
				F869937A3B8BBCBF2CFFA50B /* ItsAMatchView.swift in Sources */,
				40429D4FC81E8E6A9369ACA9 /* LikedContactModel.swift in Sources */,
				EBD4ECA4BA026F105AE13172 /* Likes.swift in Sources */,
				88955DD33C5ADF119B1E558B /* LikesRepository.swift in Sources */,
				8438A6799EC55B30BB2789DF /* LottieView.swift in Sources */,
				4CD10A36A09976FBB3100AD1 /* MissMatchApp.swift in Sources */,
				55B81CDF98AD7502457196C3 /* MyCard.swift in Sources */,
				A0F9F06EF8DFCE3A2C307B67 /* MyOwnNumberView.swift in Sources */,
				775CFDA1B8A5DC9FCA79EF21 /* NetworkManager.swift in Sources */,
				E61FB9AEA4FB700E802BFD29 /* PayWallView.swift in Sources */,
				EFA1A6A13078551D3C15EE35 /* PhoneNumberManager.swift in Sources */,
				D61AC5556B3F307F896662AC /* SaveContactRequest.swift in Sources */,
				6D31BF0330FEAB00528B804F /* SignInView.swift in Sources */,
				B5E9E848CBDE4364628103D1 /* SplashScreenView.swift in Sources */,
				AEB8FE54FB7C123362A5D1DB /* User.swift in Sources */,
				1CDE02B2315CF4E917EE8A1F /* UserDefaultsManager.swift in Sources */,
				34C5A6764B3D5DAB30343633 /* UserViewModel.swift in Sources */,
			);
			runOnlyForDeploymentPostprocessing = 0;
		};
/* End PBXSourcesBuildPhase section */

/* Begin XCBuildConfiguration section */
		258F468DA094F43FEE605822 /* Debug */ = {
			isa = XCBuildConfiguration;
			buildSettings = {
				ASSETCATALOG_COMPILER_APPICON_NAME = AppIcon;
				CODE_SIGN_ENTITLEMENTS = MissMatch/MissMatch.entitlements;
				CODE_SIGN_IDENTITY = "iPhone Developer";
				INFOPLIST_FILE = iOS/Info.plist;
				LD_RUNPATH_SEARCH_PATHS = (
					"$(inherited)",
					"@executable_path/Frameworks",
				);
				PRODUCT_BUNDLE_IDENTIFIER = aswitch.me.MissMatch;
				SDKROOT = iphoneos;
				SUPPORTS_MAC_DESIGNED_FOR_IPHONE_IPAD = NO;
				TARGETED_DEVICE_FAMILY = 1;
			};
			name = Debug;
		};
		2B39E9D55C59AA30C9999FAD /* Release */ = {
			isa = XCBuildConfiguration;
			buildSettings = {
				ALWAYS_SEARCH_USER_PATHS = NO;
				CLANG_ANALYZER_NONNULL = YES;
				CLANG_ANALYZER_NUMBER_OBJECT_CONVERSION = YES_AGGRESSIVE;
				CLANG_CXX_LANGUAGE_STANDARD = "gnu++14";
				CLANG_CXX_LIBRARY = "libc++";
				CLANG_ENABLE_MODULES = YES;
				CLANG_ENABLE_OBJC_ARC = YES;
				CLANG_ENABLE_OBJC_WEAK = YES;
				CLANG_WARN_BLOCK_CAPTURE_AUTORELEASING = YES;
				CLANG_WARN_BOOL_CONVERSION = YES;
				CLANG_WARN_COMMA = YES;
				CLANG_WARN_CONSTANT_CONVERSION = YES;
				CLANG_WARN_DEPRECATED_OBJC_IMPLEMENTATIONS = YES;
				CLANG_WARN_DIRECT_OBJC_ISA_USAGE = YES_ERROR;
				CLANG_WARN_DOCUMENTATION_COMMENTS = YES;
				CLANG_WARN_EMPTY_BODY = YES;
				CLANG_WARN_ENUM_CONVERSION = YES;
				CLANG_WARN_INFINITE_RECURSION = YES;
				CLANG_WARN_INT_CONVERSION = YES;
				CLANG_WARN_NON_LITERAL_NULL_CONVERSION = YES;
				CLANG_WARN_OBJC_IMPLICIT_RETAIN_SELF = YES;
				CLANG_WARN_OBJC_LITERAL_CONVERSION = YES;
				CLANG_WARN_OBJC_ROOT_CLASS = YES_ERROR;
				CLANG_WARN_QUOTED_INCLUDE_IN_FRAMEWORK_HEADER = YES;
				CLANG_WARN_RANGE_LOOP_ANALYSIS = YES;
				CLANG_WARN_STRICT_PROTOTYPES = YES;
				CLANG_WARN_SUSPICIOUS_MOVE = YES;
				CLANG_WARN_UNGUARDED_AVAILABILITY = YES_AGGRESSIVE;
				CLANG_WARN_UNREACHABLE_CODE = YES;
				CLANG_WARN__DUPLICATE_METHOD_MATCH = YES;
				COPY_PHASE_STRIP = NO;
				CURRENT_PROJECT_VERSION = 1;
				DEBUG_INFORMATION_FORMAT = "dwarf-with-dsym";
				DEVELOPMENT_TEAM = 5V5EUT3ZXJ;
				ENABLE_NS_ASSERTIONS = NO;
				ENABLE_STRICT_OBJC_MSGSEND = YES;
				GCC_C_LANGUAGE_STANDARD = gnu11;
				GCC_NO_COMMON_BLOCKS = YES;
				GCC_WARN_64_TO_32_BIT_CONVERSION = YES;
				GCC_WARN_ABOUT_RETURN_TYPE = YES_ERROR;
				GCC_WARN_UNDECLARED_SELECTOR = YES;
				GCC_WARN_UNINITIALIZED_AUTOS = YES_AGGRESSIVE;
				GCC_WARN_UNUSED_FUNCTION = YES;
				GCC_WARN_UNUSED_VARIABLE = YES;
				IPHONEOS_DEPLOYMENT_TARGET = 17.4;
				MARKETING_VERSION = 0.1;
				MTL_ENABLE_DEBUG_INFO = NO;
				MTL_FAST_MATH = YES;
				PRODUCT_NAME = "$(TARGET_NAME)";
				SDKROOT = iphoneos;
				SWIFT_COMPILATION_MODE = wholemodule;
				SWIFT_OPTIMIZATION_LEVEL = "-O";
				SWIFT_VERSION = 5.0;
			};
			name = Release;
		};
		630601D771A7900987B41604 /* Debug */ = {
			isa = XCBuildConfiguration;
			buildSettings = {
				ALWAYS_SEARCH_USER_PATHS = NO;
				CLANG_ANALYZER_NONNULL = YES;
				CLANG_ANALYZER_NUMBER_OBJECT_CONVERSION = YES_AGGRESSIVE;
				CLANG_CXX_LANGUAGE_STANDARD = "gnu++14";
				CLANG_CXX_LIBRARY = "libc++";
				CLANG_ENABLE_MODULES = YES;
				CLANG_ENABLE_OBJC_ARC = YES;
				CLANG_ENABLE_OBJC_WEAK = YES;
				CLANG_WARN_BLOCK_CAPTURE_AUTORELEASING = YES;
				CLANG_WARN_BOOL_CONVERSION = YES;
				CLANG_WARN_COMMA = YES;
				CLANG_WARN_CONSTANT_CONVERSION = YES;
				CLANG_WARN_DEPRECATED_OBJC_IMPLEMENTATIONS = YES;
				CLANG_WARN_DIRECT_OBJC_ISA_USAGE = YES_ERROR;
				CLANG_WARN_DOCUMENTATION_COMMENTS = YES;
				CLANG_WARN_EMPTY_BODY = YES;
				CLANG_WARN_ENUM_CONVERSION = YES;
				CLANG_WARN_INFINITE_RECURSION = YES;
				CLANG_WARN_INT_CONVERSION = YES;
				CLANG_WARN_NON_LITERAL_NULL_CONVERSION = YES;
				CLANG_WARN_OBJC_IMPLICIT_RETAIN_SELF = YES;
				CLANG_WARN_OBJC_LITERAL_CONVERSION = YES;
				CLANG_WARN_OBJC_ROOT_CLASS = YES_ERROR;
				CLANG_WARN_QUOTED_INCLUDE_IN_FRAMEWORK_HEADER = YES;
				CLANG_WARN_RANGE_LOOP_ANALYSIS = YES;
				CLANG_WARN_STRICT_PROTOTYPES = YES;
				CLANG_WARN_SUSPICIOUS_MOVE = YES;
				CLANG_WARN_UNGUARDED_AVAILABILITY = YES_AGGRESSIVE;
				CLANG_WARN_UNREACHABLE_CODE = YES;
				CLANG_WARN__DUPLICATE_METHOD_MATCH = YES;
				COPY_PHASE_STRIP = NO;
				CURRENT_PROJECT_VERSION = 1;
				DEBUG_INFORMATION_FORMAT = dwarf;
				DEVELOPMENT_TEAM = 5V5EUT3ZXJ;
				ENABLE_STRICT_OBJC_MSGSEND = YES;
				ENABLE_TESTABILITY = YES;
				GCC_C_LANGUAGE_STANDARD = gnu11;
				GCC_DYNAMIC_NO_PIC = NO;
				GCC_NO_COMMON_BLOCKS = YES;
				GCC_OPTIMIZATION_LEVEL = 0;
				GCC_PREPROCESSOR_DEFINITIONS = (
					"$(inherited)",
					"DEBUG=1",
				);
				GCC_WARN_64_TO_32_BIT_CONVERSION = YES;
				GCC_WARN_ABOUT_RETURN_TYPE = YES_ERROR;
				GCC_WARN_UNDECLARED_SELECTOR = YES;
				GCC_WARN_UNINITIALIZED_AUTOS = YES_AGGRESSIVE;
				GCC_WARN_UNUSED_FUNCTION = YES;
				GCC_WARN_UNUSED_VARIABLE = YES;
				IPHONEOS_DEPLOYMENT_TARGET = 17.4;
				MARKETING_VERSION = 0.1;
				MTL_ENABLE_DEBUG_INFO = INCLUDE_SOURCE;
				MTL_FAST_MATH = YES;
				ONLY_ACTIVE_ARCH = YES;
				PRODUCT_NAME = "$(TARGET_NAME)";
				SDKROOT = iphoneos;
				SWIFT_ACTIVE_COMPILATION_CONDITIONS = DEBUG;
				SWIFT_OPTIMIZATION_LEVEL = "-Onone";
				SWIFT_VERSION = 5.0;
			};
			name = Debug;
		};
		A4FF01118174CFC6CA81B75A /* Release */ = {
			isa = XCBuildConfiguration;
			buildSettings = {
				ASSETCATALOG_COMPILER_APPICON_NAME = AppIcon;
				CODE_SIGN_ENTITLEMENTS = MissMatch/MissMatch.entitlements;
				CODE_SIGN_IDENTITY = "iPhone Developer";
				INFOPLIST_FILE = iOS/Info.plist;
				LD_RUNPATH_SEARCH_PATHS = (
					"$(inherited)",
					"@executable_path/Frameworks",
				);
				PRODUCT_BUNDLE_IDENTIFIER = aswitch.me.MissMatch;
				SDKROOT = iphoneos;
				SUPPORTS_MAC_DESIGNED_FOR_IPHONE_IPAD = NO;
				TARGETED_DEVICE_FAMILY = 1;
			};
			name = Release;
		};
/* End XCBuildConfiguration section */

/* Begin XCConfigurationList section */
		50A97D27086D9FF1B09D8053 /* Build configuration list for PBXNativeTarget "MissMatch" */ = {
			isa = XCConfigurationList;
			buildConfigurations = (
				258F468DA094F43FEE605822 /* Debug */,
				A4FF01118174CFC6CA81B75A /* Release */,
			);
			defaultConfigurationIsVisible = 0;
			defaultConfigurationName = Debug;
		};
		9408F490027B9EC011A23583 /* Build configuration list for PBXProject "MissMatch" */ = {
			isa = XCConfigurationList;
			buildConfigurations = (
				630601D771A7900987B41604 /* Debug */,
				2B39E9D55C59AA30C9999FAD /* Release */,
			);
			defaultConfigurationIsVisible = 0;
			defaultConfigurationName = Debug;
		};
/* End XCConfigurationList section */

/* Begin XCRemoteSwiftPackageReference section */
		72EB55C5FAFCF418FF2336CA /* XCRemoteSwiftPackageReference "lottie-ios" */ = {
			isa = XCRemoteSwiftPackageReference;
			repositoryURL = "https://github.com/airbnb/lottie-ios";
			requirement = {
				kind = upToNextMajorVersion;
				minimumVersion = 4.5.0;
			};
		};
/* End XCRemoteSwiftPackageReference section */

/* Begin XCSwiftPackageProductDependency section */
		13EA80C3D16560AD56EF3A80 /* Lottie */ = {
			isa = XCSwiftPackageProductDependency;
			package = 72EB55C5FAFCF418FF2336CA /* XCRemoteSwiftPackageReference "lottie-ios" */;
			productName = Lottie;
		};
/* End XCSwiftPackageProductDependency section */
	};
	rootObject = D4C7204625A13812249991F9 /* Project object */;
}
