// !$*UTF8*$!
{
	archiveVersion = 1;
	classes = {
	};
	objectVersion = 56;
	objects = {

/* Begin PBXBuildFile section */
		EA19DAA52C595C8C00D12A82 /* SplashScreenView.swift in Sources */ = {isa = PBXBuildFile; fileRef = EA19DAA42C595C8B00D12A82 /* SplashScreenView.swift */; };
		EA19DAA72C595E9300D12A82 /* intro.json in Resources */ = {isa = PBXBuildFile; fileRef = EA19DAA62C595E9300D12A82 /* intro.json */; };
		EA19DAA92C598FCD00D12A82 /* PayWallView.swift in Sources */ = {isa = PBXBuildFile; fileRef = EA19DAA82C598FCD00D12A82 /* PayWallView.swift */; };
		EA19DAB12C5ACE4400D12A82 /* User.swift in Sources */ = {isa = PBXBuildFile; fileRef = EA19DAB02C5ACE4400D12A82 /* User.swift */; };
		EA19DAB32C5ACE5200D12A82 /* ContactList.swift in Sources */ = {isa = PBXBuildFile; fileRef = EA19DAB22C5ACE5200D12A82 /* ContactList.swift */; };
		EA19DAB72C5ACE7100D12A82 /* Likes.swift in Sources */ = {isa = PBXBuildFile; fileRef = EA19DAB62C5ACE7000D12A82 /* Likes.swift */; };
		EA2434882C7E46200024043A /* PhoneNumberManager.swift in Sources */ = {isa = PBXBuildFile; fileRef = EA2434872C7E46200024043A /* PhoneNumberManager.swift */; };
		EA44672D2C557B4400735A08 /* ColorHelper.swift in Sources */ = {isa = PBXBuildFile; fileRef = EA44672C2C557B4400735A08 /* ColorHelper.swift */; };
		EA4467302C55901C00735A08 /* Lottie in Frameworks */ = {isa = PBXBuildFile; productRef = EA44672F2C55901C00735A08 /* Lottie */; };
		EA4467342C5590E800735A08 /* Confetti.json in Resources */ = {isa = PBXBuildFile; fileRef = EA4467322C5590E800735A08 /* Confetti.json */; };
		EA4467392C55917100735A08 /* LottieView.swift in Sources */ = {isa = PBXBuildFile; fileRef = EA4467382C55917100735A08 /* LottieView.swift */; };
		EA44673B2C55A1D300735A08 /* ItsAMatchView.swift in Sources */ = {isa = PBXBuildFile; fileRef = EA44673A2C55A1D300735A08 /* ItsAMatchView.swift */; };
		EA4886C32C679190004D1D9C /* SignInView.swift in Sources */ = {isa = PBXBuildFile; fileRef = EA4886C22C679190004D1D9C /* SignInView.swift */; };
		EA749BF42C56CFC900818DEB /* con3.json in Resources */ = {isa = PBXBuildFile; fileRef = EA749BF32C56CFC900818DEB /* con3.json */; };
		EA913CE82C5ECF2F00CC90F5 /* MyOwnNumberView.swift in Sources */ = {isa = PBXBuildFile; fileRef = EA913CE72C5ECF2E00CC90F5 /* MyOwnNumberView.swift */; };
		EA913CEA2C5FE7EA00CC90F5 /* CountryCodes.swift in Sources */ = {isa = PBXBuildFile; fileRef = EA913CE92C5FE7EA00CC90F5 /* CountryCodes.swift */; };
		EA913CED2C62BB0700CC90F5 /* SaveContactRequest.swift in Sources */ = {isa = PBXBuildFile; fileRef = EA913CEC2C62BB0700CC90F5 /* SaveContactRequest.swift */; };
		EAA2A0DF2C7672750046F63F /* LikesRepository.swift in Sources */ = {isa = PBXBuildFile; fileRef = EAA2A0DE2C7672750046F63F /* LikesRepository.swift */; };
		EAF6959A2C72865900C9ADF6 /* AppConstants.swift in Sources */ = {isa = PBXBuildFile; fileRef = EAF695992C72865900C9ADF6 /* AppConstants.swift */; };
		EAF6959C2C73CE6600C9ADF6 /* UserDefaultsManager.swift in Sources */ = {isa = PBXBuildFile; fileRef = EAF6959B2C73CE6600C9ADF6 /* UserDefaultsManager.swift */; };
		EAF74E822C52F05D003A8B06 /* MissMatchApp.swift in Sources */ = {isa = PBXBuildFile; fileRef = EAF74E812C52F05D003A8B06 /* MissMatchApp.swift */; };
		EAF74E862C52F062003A8B06 /* Assets.xcassets in Resources */ = {isa = PBXBuildFile; fileRef = EAF74E852C52F062003A8B06 /* Assets.xcassets */; };
		EAF74E892C52F062003A8B06 /* Preview Assets.xcassets in Resources */ = {isa = PBXBuildFile; fileRef = EAF74E882C52F062003A8B06 /* Preview Assets.xcassets */; };
		EAF74E902C52F097003A8B06 /* ContactListView.swift in Sources */ = {isa = PBXBuildFile; fileRef = EAF74E8F2C52F097003A8B06 /* ContactListView.swift */; };
		EAF74E942C52F0F3003A8B06 /* ContactListViewModel.swift in Sources */ = {isa = PBXBuildFile; fileRef = EAF74E932C52F0F3003A8B06 /* ContactListViewModel.swift */; };
		EAF74E962C52F117003A8B06 /* NetworkManager.swift in Sources */ = {isa = PBXBuildFile; fileRef = EAF74E952C52F117003A8B06 /* NetworkManager.swift */; };
		EAF74E9A2C52F299003A8B06 /* ContactRowView.swift in Sources */ = {isa = PBXBuildFile; fileRef = EAF74E992C52F299003A8B06 /* ContactRowView.swift */; };
/* End PBXBuildFile section */

/* Begin PBXFileReference section */
		EA19DAA42C595C8B00D12A82 /* SplashScreenView.swift */ = {isa = PBXFileReference; lastKnownFileType = sourcecode.swift; path = SplashScreenView.swift; sourceTree = "<group>"; };
		EA19DAA62C595E9300D12A82 /* intro.json */ = {isa = PBXFileReference; fileEncoding = 4; lastKnownFileType = text.json; path = intro.json; sourceTree = "<group>"; };
		EA19DAA82C598FCD00D12A82 /* PayWallView.swift */ = {isa = PBXFileReference; lastKnownFileType = sourcecode.swift; path = PayWallView.swift; sourceTree = "<group>"; };
		EA19DAB02C5ACE4400D12A82 /* User.swift */ = {isa = PBXFileReference; lastKnownFileType = sourcecode.swift; path = User.swift; sourceTree = "<group>"; };
		EA19DAB22C5ACE5200D12A82 /* ContactList.swift */ = {isa = PBXFileReference; lastKnownFileType = sourcecode.swift; path = ContactList.swift; sourceTree = "<group>"; };
		EA19DAB62C5ACE7000D12A82 /* Likes.swift */ = {isa = PBXFileReference; lastKnownFileType = sourcecode.swift; path = Likes.swift; sourceTree = "<group>"; };
		EA2434872C7E46200024043A /* PhoneNumberManager.swift */ = {isa = PBXFileReference; lastKnownFileType = sourcecode.swift; path = PhoneNumberManager.swift; sourceTree = "<group>"; };
		EA44672C2C557B4400735A08 /* ColorHelper.swift */ = {isa = PBXFileReference; lastKnownFileType = sourcecode.swift; path = ColorHelper.swift; sourceTree = "<group>"; };
		EA4467322C5590E800735A08 /* Confetti.json */ = {isa = PBXFileReference; fileEncoding = 4; lastKnownFileType = text.json; path = Confetti.json; sourceTree = "<group>"; };
		EA4467382C55917100735A08 /* LottieView.swift */ = {isa = PBXFileReference; lastKnownFileType = sourcecode.swift; path = LottieView.swift; sourceTree = "<group>"; };
		EA44673A2C55A1D300735A08 /* ItsAMatchView.swift */ = {isa = PBXFileReference; lastKnownFileType = sourcecode.swift; path = ItsAMatchView.swift; sourceTree = "<group>"; };
		EA4886C22C679190004D1D9C /* SignInView.swift */ = {isa = PBXFileReference; lastKnownFileType = sourcecode.swift; path = SignInView.swift; sourceTree = "<group>"; };
		EA749BF32C56CFC900818DEB /* con3.json */ = {isa = PBXFileReference; fileEncoding = 4; lastKnownFileType = text.json; path = con3.json; sourceTree = "<group>"; };
		EA913CE72C5ECF2E00CC90F5 /* MyOwnNumberView.swift */ = {isa = PBXFileReference; lastKnownFileType = sourcecode.swift; path = MyOwnNumberView.swift; sourceTree = "<group>"; };
		EA913CE92C5FE7EA00CC90F5 /* CountryCodes.swift */ = {isa = PBXFileReference; lastKnownFileType = sourcecode.swift; path = CountryCodes.swift; sourceTree = "<group>"; };
		EA913CEB2C61668300CC90F5 /* Info.plist */ = {isa = PBXFileReference; lastKnownFileType = text.plist; path = Info.plist; sourceTree = "<group>"; };
		EA913CEC2C62BB0700CC90F5 /* SaveContactRequest.swift */ = {isa = PBXFileReference; lastKnownFileType = sourcecode.swift; path = SaveContactRequest.swift; sourceTree = "<group>"; };
		EAA2A0DE2C7672750046F63F /* LikesRepository.swift */ = {isa = PBXFileReference; lastKnownFileType = sourcecode.swift; path = LikesRepository.swift; sourceTree = "<group>"; };
		EAF695992C72865900C9ADF6 /* AppConstants.swift */ = {isa = PBXFileReference; lastKnownFileType = sourcecode.swift; path = AppConstants.swift; sourceTree = "<group>"; };
		EAF6959B2C73CE6600C9ADF6 /* UserDefaultsManager.swift */ = {isa = PBXFileReference; lastKnownFileType = sourcecode.swift; path = UserDefaultsManager.swift; sourceTree = "<group>"; };
		EAF74E7E2C52F05D003A8B06 /* MissMatch.app */ = {isa = PBXFileReference; explicitFileType = wrapper.application; includeInIndex = 0; path = MissMatch.app; sourceTree = BUILT_PRODUCTS_DIR; };
		EAF74E812C52F05D003A8B06 /* MissMatchApp.swift */ = {isa = PBXFileReference; lastKnownFileType = sourcecode.swift; path = MissMatchApp.swift; sourceTree = "<group>"; };
		EAF74E852C52F062003A8B06 /* Assets.xcassets */ = {isa = PBXFileReference; lastKnownFileType = folder.assetcatalog; path = Assets.xcassets; sourceTree = "<group>"; };
		EAF74E882C52F062003A8B06 /* Preview Assets.xcassets */ = {isa = PBXFileReference; lastKnownFileType = folder.assetcatalog; path = "Preview Assets.xcassets"; sourceTree = "<group>"; };
		EAF74E8F2C52F097003A8B06 /* ContactListView.swift */ = {isa = PBXFileReference; lastKnownFileType = sourcecode.swift; path = ContactListView.swift; sourceTree = "<group>"; };
		EAF74E932C52F0F3003A8B06 /* ContactListViewModel.swift */ = {isa = PBXFileReference; lastKnownFileType = sourcecode.swift; path = ContactListViewModel.swift; sourceTree = "<group>"; };
		EAF74E952C52F117003A8B06 /* NetworkManager.swift */ = {isa = PBXFileReference; lastKnownFileType = sourcecode.swift; path = NetworkManager.swift; sourceTree = "<group>"; };
		EAF74E992C52F299003A8B06 /* ContactRowView.swift */ = {isa = PBXFileReference; lastKnownFileType = sourcecode.swift; path = ContactRowView.swift; sourceTree = "<group>"; };
/* End PBXFileReference section */

/* Begin PBXFrameworksBuildPhase section */
		EAF74E7B2C52F05D003A8B06 /* Frameworks */ = {
			isa = PBXFrameworksBuildPhase;
			buildActionMask = 2147483647;
			files = (
				EA4467302C55901C00735A08 /* Lottie in Frameworks */,
			);
			runOnlyForDeploymentPostprocessing = 0;
		};
/* End PBXFrameworksBuildPhase section */

/* Begin PBXGroup section */
		EA4467312C5590AC00735A08 /* Lottie Files */ = {
			isa = PBXGroup;
			children = (
				EA19DAA62C595E9300D12A82 /* intro.json */,
				EA4467322C5590E800735A08 /* Confetti.json */,
				EA749BF32C56CFC900818DEB /* con3.json */,
			);
			path = "Lottie Files";
			sourceTree = "<group>";
		};
		EAF74E752C52F05D003A8B06 = {
			isa = PBXGroup;
			children = (
				EAF74E802C52F05D003A8B06 /* MissMatch */,
				EAF74E7F2C52F05D003A8B06 /* Products */,
			);
			sourceTree = "<group>";
		};
		EAF74E7F2C52F05D003A8B06 /* Products */ = {
			isa = PBXGroup;
			children = (
				EAF74E7E2C52F05D003A8B06 /* MissMatch.app */,
			);
			name = Products;
			sourceTree = "<group>";
		};
		EAF74E802C52F05D003A8B06 /* MissMatch */ = {
			isa = PBXGroup;
			children = (
				EA913CEB2C61668300CC90F5 /* Info.plist */,
				EAF74E812C52F05D003A8B06 /* MissMatchApp.swift */,
				EAF74E9D2C551BD5003A8B06 /* Model */,
				EAF74E9B2C551BBE003A8B06 /* View */,
				EAF74E9C2C551BC5003A8B06 /* ViewModel */,
				EAF74E9E2C551C0A003A8B06 /* Helpers */,
				EAF74E872C52F062003A8B06 /* Preview Content */,
			);
			path = MissMatch;
			sourceTree = "<group>";
		};
		EAF74E872C52F062003A8B06 /* Preview Content */ = {
			isa = PBXGroup;
			children = (
				EAF74E882C52F062003A8B06 /* Preview Assets.xcassets */,
			);
			path = "Preview Content";
			sourceTree = "<group>";
		};
		EAF74E9B2C551BBE003A8B06 /* View */ = {
			isa = PBXGroup;
			children = (
				EAF74E992C52F299003A8B06 /* ContactRowView.swift */,
				EAF74E8F2C52F097003A8B06 /* ContactListView.swift */,
				EA44673A2C55A1D300735A08 /* ItsAMatchView.swift */,
				EA19DAA42C595C8B00D12A82 /* SplashScreenView.swift */,
				EA19DAA82C598FCD00D12A82 /* PayWallView.swift */,
				EA913CE72C5ECF2E00CC90F5 /* MyOwnNumberView.swift */,
				EA4886C22C679190004D1D9C /* SignInView.swift */,
			);
			path = View;
			sourceTree = "<group>";
		};
		EAF74E9C2C551BC5003A8B06 /* ViewModel */ = {
			isa = PBXGroup;
			children = (
				EAF74E932C52F0F3003A8B06 /* ContactListViewModel.swift */,
			);
			path = ViewModel;
			sourceTree = "<group>";
		};
		EAF74E9D2C551BD5003A8B06 /* Model */ = {
			isa = PBXGroup;
			children = (
				EA19DAB02C5ACE4400D12A82 /* User.swift */,
				EA19DAB22C5ACE5200D12A82 /* ContactList.swift */,
				EA19DAB62C5ACE7000D12A82 /* Likes.swift */,
				EA913CEC2C62BB0700CC90F5 /* SaveContactRequest.swift */,
				EAA2A0DE2C7672750046F63F /* LikesRepository.swift */,
			);
			path = Model;
			sourceTree = "<group>";
		};
		EAF74E9E2C551C0A003A8B06 /* Helpers */ = {
			isa = PBXGroup;
			children = (
				EA4467312C5590AC00735A08 /* Lottie Files */,
				EAF74E952C52F117003A8B06 /* NetworkManager.swift */,
				EA44672C2C557B4400735A08 /* ColorHelper.swift */,
				EAF74E852C52F062003A8B06 /* Assets.xcassets */,
				EA4467382C55917100735A08 /* LottieView.swift */,
				EA913CE92C5FE7EA00CC90F5 /* CountryCodes.swift */,
				EAF695992C72865900C9ADF6 /* AppConstants.swift */,
				EAF6959B2C73CE6600C9ADF6 /* UserDefaultsManager.swift */,
				EA2434872C7E46200024043A /* PhoneNumberManager.swift */,
			);
			path = Helpers;
			sourceTree = "<group>";
		};
/* End PBXGroup section */

/* Begin PBXNativeTarget section */
		EAF74E7D2C52F05D003A8B06 /* MissMatch */ = {
			isa = PBXNativeTarget;
			buildConfigurationList = EAF74E8C2C52F062003A8B06 /* Build configuration list for PBXNativeTarget "MissMatch" */;
			buildPhases = (
				EAF74E7A2C52F05D003A8B06 /* Sources */,
				EAF74E7B2C52F05D003A8B06 /* Frameworks */,
				EAF74E7C2C52F05D003A8B06 /* Resources */,
			);
			buildRules = (
			);
			dependencies = (
			);
			name = MissMatch;
			packageProductDependencies = (
				EA44672F2C55901C00735A08 /* Lottie */,
			);
			productName = MissMatch;
			productReference = EAF74E7E2C52F05D003A8B06 /* MissMatch.app */;
			productType = "com.apple.product-type.application";
		};
/* End PBXNativeTarget section */

/* Begin PBXProject section */
		EAF74E762C52F05D003A8B06 /* Project object */ = {
			isa = PBXProject;
			attributes = {
				BuildIndependentTargetsInParallel = 1;
				LastSwiftUpdateCheck = 1530;
				LastUpgradeCheck = 1530;
				TargetAttributes = {
					EAF74E7D2C52F05D003A8B06 = {
						CreatedOnToolsVersion = 15.3;
					};
				};
			};
			buildConfigurationList = EAF74E792C52F05D003A8B06 /* Build configuration list for PBXProject "MissMatch" */;
			compatibilityVersion = "Xcode 14.0";
			developmentRegion = en;
			hasScannedForEncodings = 0;
			knownRegions = (
				en,
				Base,
			);
			mainGroup = EAF74E752C52F05D003A8B06;
			packageReferences = (
				EA44672E2C55901B00735A08 /* XCRemoteSwiftPackageReference "lottie-spm" */,
			);
			productRefGroup = EAF74E7F2C52F05D003A8B06 /* Products */;
			projectDirPath = "";
			projectRoot = "";
			targets = (
				EAF74E7D2C52F05D003A8B06 /* MissMatch */,
			);
		};
/* End PBXProject section */

/* Begin PBXResourcesBuildPhase section */
		EAF74E7C2C52F05D003A8B06 /* Resources */ = {
			isa = PBXResourcesBuildPhase;
			buildActionMask = 2147483647;
			files = (
				EA4467342C5590E800735A08 /* Confetti.json in Resources */,
				EAF74E892C52F062003A8B06 /* Preview Assets.xcassets in Resources */,
				EA749BF42C56CFC900818DEB /* con3.json in Resources */,
				EAF74E862C52F062003A8B06 /* Assets.xcassets in Resources */,
				EA19DAA72C595E9300D12A82 /* intro.json in Resources */,
			);
			runOnlyForDeploymentPostprocessing = 0;
		};
/* End PBXResourcesBuildPhase section */

/* Begin PBXSourcesBuildPhase section */
		EAF74E7A2C52F05D003A8B06 /* Sources */ = {
			isa = PBXSourcesBuildPhase;
			buildActionMask = 2147483647;
			files = (
				EAF6959C2C73CE6600C9ADF6 /* UserDefaultsManager.swift in Sources */,
				EA19DAB32C5ACE5200D12A82 /* ContactList.swift in Sources */,
				EA913CED2C62BB0700CC90F5 /* SaveContactRequest.swift in Sources */,
				EAA2A0DF2C7672750046F63F /* LikesRepository.swift in Sources */,
				EA913CE82C5ECF2F00CC90F5 /* MyOwnNumberView.swift in Sources */,
				EAF74E942C52F0F3003A8B06 /* ContactListViewModel.swift in Sources */,
				EAF74E902C52F097003A8B06 /* ContactListView.swift in Sources */,
				EAF74E962C52F117003A8B06 /* NetworkManager.swift in Sources */,
				EA913CEA2C5FE7EA00CC90F5 /* CountryCodes.swift in Sources */,
				EA44673B2C55A1D300735A08 /* ItsAMatchView.swift in Sources */,
				EA19DAA52C595C8C00D12A82 /* SplashScreenView.swift in Sources */,
				EA19DAA92C598FCD00D12A82 /* PayWallView.swift in Sources */,
				EA4886C32C679190004D1D9C /* SignInView.swift in Sources */,
				EA44672D2C557B4400735A08 /* ColorHelper.swift in Sources */,
				EAF74E822C52F05D003A8B06 /* MissMatchApp.swift in Sources */,
				EA2434882C7E46200024043A /* PhoneNumberManager.swift in Sources */,
				EA19DAB12C5ACE4400D12A82 /* User.swift in Sources */,
				EA19DAB72C5ACE7100D12A82 /* Likes.swift in Sources */,
				EA4467392C55917100735A08 /* LottieView.swift in Sources */,
				EAF74E9A2C52F299003A8B06 /* ContactRowView.swift in Sources */,
				EAF6959A2C72865900C9ADF6 /* AppConstants.swift in Sources */,
			);
			runOnlyForDeploymentPostprocessing = 0;
		};
/* End PBXSourcesBuildPhase section */

/* Begin XCBuildConfiguration section */
		EAF74E8A2C52F062003A8B06 /* Debug */ = {
			isa = XCBuildConfiguration;
			buildSettings = {
				ALWAYS_SEARCH_USER_PATHS = NO;
				ASSETCATALOG_COMPILER_GENERATE_SWIFT_ASSET_SYMBOL_EXTENSIONS = YES;
				CLANG_ANALYZER_NONNULL = YES;
				CLANG_ANALYZER_NUMBER_OBJECT_CONVERSION = YES_AGGRESSIVE;
				CLANG_CXX_LANGUAGE_STANDARD = "gnu++20";
				CLANG_ENABLE_MODULES = YES;
				CLANG_ENABLE_OBJC_ARC = YES;
				CLANG_ENABLE_OBJC_WEAK = YES;
				CLANG_WARN_BLOCK_CAPTURE_AUTORELEASING = YES;
				CLANG_WARN_BOOL_CONVERSION = YES;
				CLANG_WARN_COMMA = YES;
				CLANG_WARN_CONSTANT_CONVERSION = YES;
				CLANG_WARN_DEPRECATED_OBJC_IMPLEMENTATIONS = YES;
				CLANG_WARN_DIRECT_OBJC_ISA_USAGE = YES_ERROR;
				CLANG_WARN_DOCUMENTATION_COMMENTS = YES;
				CLANG_WARN_EMPTY_BODY = YES;
				CLANG_WARN_ENUM_CONVERSION = YES;
				CLANG_WARN_INFINITE_RECURSION = YES;
				CLANG_WARN_INT_CONVERSION = YES;
				CLANG_WARN_NON_LITERAL_NULL_CONVERSION = YES;
				CLANG_WARN_OBJC_IMPLICIT_RETAIN_SELF = YES;
				CLANG_WARN_OBJC_LITERAL_CONVERSION = YES;
				CLANG_WARN_OBJC_ROOT_CLASS = YES_ERROR;
				CLANG_WARN_QUOTED_INCLUDE_IN_FRAMEWORK_HEADER = YES;
				CLANG_WARN_RANGE_LOOP_ANALYSIS = YES;
				CLANG_WARN_STRICT_PROTOTYPES = YES;
				CLANG_WARN_SUSPICIOUS_MOVE = YES;
				CLANG_WARN_UNGUARDED_AVAILABILITY = YES_AGGRESSIVE;
				CLANG_WARN_UNREACHABLE_CODE = YES;
				CLANG_WARN__DUPLICATE_METHOD_MATCH = YES;
				COPY_PHASE_STRIP = NO;
				DEBUG_INFORMATION_FORMAT = dwarf;
				ENABLE_STRICT_OBJC_MSGSEND = YES;
				ENABLE_TESTABILITY = YES;
				ENABLE_USER_SCRIPT_SANDBOXING = YES;
				GCC_C_LANGUAGE_STANDARD = gnu17;
				GCC_DYNAMIC_NO_PIC = NO;
				GCC_NO_COMMON_BLOCKS = YES;
				GCC_OPTIMIZATION_LEVEL = 0;
				GCC_PREPROCESSOR_DEFINITIONS = (
					"DEBUG=1",
					"$(inherited)",
				);
				GCC_WARN_64_TO_32_BIT_CONVERSION = YES;
				GCC_WARN_ABOUT_RETURN_TYPE = YES_ERROR;
				GCC_WARN_UNDECLARED_SELECTOR = YES;
				GCC_WARN_UNINITIALIZED_AUTOS = YES_AGGRESSIVE;
				GCC_WARN_UNUSED_FUNCTION = YES;
				GCC_WARN_UNUSED_VARIABLE = YES;
				IPHONEOS_DEPLOYMENT_TARGET = 17.4;
				LOCALIZATION_PREFERS_STRING_CATALOGS = YES;
				MTL_ENABLE_DEBUG_INFO = INCLUDE_SOURCE;
				MTL_FAST_MATH = YES;
				ONLY_ACTIVE_ARCH = YES;
				SDKROOT = iphoneos;
				SWIFT_ACTIVE_COMPILATION_CONDITIONS = "DEBUG $(inherited)";
				SWIFT_OPTIMIZATION_LEVEL = "-Onone";
			};
			name = Debug;
		};
		EAF74E8B2C52F062003A8B06 /* Release */ = {
			isa = XCBuildConfiguration;
			buildSettings = {
				ALWAYS_SEARCH_USER_PATHS = NO;
				ASSETCATALOG_COMPILER_GENERATE_SWIFT_ASSET_SYMBOL_EXTENSIONS = YES;
				CLANG_ANALYZER_NONNULL = YES;
				CLANG_ANALYZER_NUMBER_OBJECT_CONVERSION = YES_AGGRESSIVE;
				CLANG_CXX_LANGUAGE_STANDARD = "gnu++20";
				CLANG_ENABLE_MODULES = YES;
				CLANG_ENABLE_OBJC_ARC = YES;
				CLANG_ENABLE_OBJC_WEAK = YES;
				CLANG_WARN_BLOCK_CAPTURE_AUTORELEASING = YES;
				CLANG_WARN_BOOL_CONVERSION = YES;
				CLANG_WARN_COMMA = YES;
				CLANG_WARN_CONSTANT_CONVERSION = YES;
				CLANG_WARN_DEPRECATED_OBJC_IMPLEMENTATIONS = YES;
				CLANG_WARN_DIRECT_OBJC_ISA_USAGE = YES_ERROR;
				CLANG_WARN_DOCUMENTATION_COMMENTS = YES;
				CLANG_WARN_EMPTY_BODY = YES;
				CLANG_WARN_ENUM_CONVERSION = YES;
				CLANG_WARN_INFINITE_RECURSION = YES;
				CLANG_WARN_INT_CONVERSION = YES;
				CLANG_WARN_NON_LITERAL_NULL_CONVERSION = YES;
				CLANG_WARN_OBJC_IMPLICIT_RETAIN_SELF = YES;
				CLANG_WARN_OBJC_LITERAL_CONVERSION = YES;
				CLANG_WARN_OBJC_ROOT_CLASS = YES_ERROR;
				CLANG_WARN_QUOTED_INCLUDE_IN_FRAMEWORK_HEADER = YES;
				CLANG_WARN_RANGE_LOOP_ANALYSIS = YES;
				CLANG_WARN_STRICT_PROTOTYPES = YES;
				CLANG_WARN_SUSPICIOUS_MOVE = YES;
				CLANG_WARN_UNGUARDED_AVAILABILITY = YES_AGGRESSIVE;
				CLANG_WARN_UNREACHABLE_CODE = YES;
				CLANG_WARN__DUPLICATE_METHOD_MATCH = YES;
				COPY_PHASE_STRIP = NO;
				DEBUG_INFORMATION_FORMAT = "dwarf-with-dsym";
				ENABLE_NS_ASSERTIONS = NO;
				ENABLE_STRICT_OBJC_MSGSEND = YES;
				ENABLE_USER_SCRIPT_SANDBOXING = YES;
				GCC_C_LANGUAGE_STANDARD = gnu17;
				GCC_NO_COMMON_BLOCKS = YES;
				GCC_WARN_64_TO_32_BIT_CONVERSION = YES;
				GCC_WARN_ABOUT_RETURN_TYPE = YES_ERROR;
				GCC_WARN_UNDECLARED_SELECTOR = YES;
				GCC_WARN_UNINITIALIZED_AUTOS = YES_AGGRESSIVE;
				GCC_WARN_UNUSED_FUNCTION = YES;
				GCC_WARN_UNUSED_VARIABLE = YES;
				IPHONEOS_DEPLOYMENT_TARGET = 17.4;
				LOCALIZATION_PREFERS_STRING_CATALOGS = YES;
				MTL_ENABLE_DEBUG_INFO = NO;
				MTL_FAST_MATH = YES;
				SDKROOT = iphoneos;
				SWIFT_COMPILATION_MODE = wholemodule;
				VALIDATE_PRODUCT = YES;
			};
			name = Release;
		};
		EAF74E8D2C52F062003A8B06 /* Debug */ = {
			isa = XCBuildConfiguration;
			buildSettings = {
				ASSETCATALOG_COMPILER_APPICON_NAME = AppIcon;
				ASSETCATALOG_COMPILER_GLOBAL_ACCENT_COLOR_NAME = AccentColor;
				CODE_SIGN_ENTITLEMENTS = MissMatch/MissMatch.entitlements;
				CODE_SIGN_STYLE = Automatic;
				CURRENT_PROJECT_VERSION = 1;
				DEVELOPMENT_ASSET_PATHS = "\"MissMatch/Preview Content\"";
				DEVELOPMENT_TEAM = RWP28CYWVZ;
				ENABLE_PREVIEWS = YES;
				GENERATE_INFOPLIST_FILE = YES;
				INFOPLIST_FILE = MissMatch/Info.plist;
				INFOPLIST_KEY_NSContactsUsageDescription = "We using phone numbers to idenify your missing one.";
				INFOPLIST_KEY_UIApplicationSceneManifest_Generation = YES;
				INFOPLIST_KEY_UIApplicationSupportsIndirectInputEvents = YES;
				INFOPLIST_KEY_UILaunchScreen_Generation = YES;
				INFOPLIST_KEY_UISupportedInterfaceOrientations_iPad = "UIInterfaceOrientationPortrait UIInterfaceOrientationPortraitUpsideDown UIInterfaceOrientationLandscapeLeft UIInterfaceOrientationLandscapeRight";
				INFOPLIST_KEY_UISupportedInterfaceOrientations_iPhone = "UIInterfaceOrientationPortrait UIInterfaceOrientationLandscapeLeft UIInterfaceOrientationLandscapeRight";
				IPHONEOS_DEPLOYMENT_TARGET = 17.0;
				LD_RUNPATH_SEARCH_PATHS = (
					"$(inherited)",
					"@executable_path/Frameworks",
				);
				MARKETING_VERSION = 1.0;
				PRODUCT_BUNDLE_IDENTIFIER = aswitch.me.MissMatch;
				PRODUCT_NAME = "$(TARGET_NAME)";
				SWIFT_EMIT_LOC_STRINGS = YES;
				SWIFT_VERSION = 5.0;
				TARGETED_DEVICE_FAMILY = "1,2";
			};
			name = Debug;
		};
		EAF74E8E2C52F062003A8B06 /* Release */ = {
			isa = XCBuildConfiguration;
			buildSettings = {
				ASSETCATALOG_COMPILER_APPICON_NAME = AppIcon;
				ASSETCATALOG_COMPILER_GLOBAL_ACCENT_COLOR_NAME = AccentColor;
				CODE_SIGN_ENTITLEMENTS = MissMatch/MissMatch.entitlements;
				CODE_SIGN_STYLE = Automatic;
				CURRENT_PROJECT_VERSION = 1;
				DEVELOPMENT_ASSET_PATHS = "\"MissMatch/Preview Content\"";
				DEVELOPMENT_TEAM = RWP28CYWVZ;
				ENABLE_PREVIEWS = YES;
				GENERATE_INFOPLIST_FILE = YES;
				INFOPLIST_FILE = MissMatch/Info.plist;
				INFOPLIST_KEY_NSContactsUsageDescription = "We using phone numbers to idenify your missing one.";
				INFOPLIST_KEY_UIApplicationSceneManifest_Generation = YES;
				INFOPLIST_KEY_UIApplicationSupportsIndirectInputEvents = YES;
				INFOPLIST_KEY_UILaunchScreen_Generation = YES;
				INFOPLIST_KEY_UISupportedInterfaceOrientations_iPad = "UIInterfaceOrientationPortrait UIInterfaceOrientationPortraitUpsideDown UIInterfaceOrientationLandscapeLeft UIInterfaceOrientationLandscapeRight";
				INFOPLIST_KEY_UISupportedInterfaceOrientations_iPhone = "UIInterfaceOrientationPortrait UIInterfaceOrientationLandscapeLeft UIInterfaceOrientationLandscapeRight";
				IPHONEOS_DEPLOYMENT_TARGET = 17.0;
				LD_RUNPATH_SEARCH_PATHS = (
					"$(inherited)",
					"@executable_path/Frameworks",
				);
				MARKETING_VERSION = 1.0;
				PRODUCT_BUNDLE_IDENTIFIER = aswitch.me.MissMatch;
				PRODUCT_NAME = "$(TARGET_NAME)";
				SWIFT_EMIT_LOC_STRINGS = YES;
				SWIFT_VERSION = 5.0;
				TARGETED_DEVICE_FAMILY = "1,2";
			};
			name = Release;
		};
/* End XCBuildConfiguration section */

/* Begin XCConfigurationList section */
		EAF74E792C52F05D003A8B06 /* Build configuration list for PBXProject "MissMatch" */ = {
			isa = XCConfigurationList;
			buildConfigurations = (
				EAF74E8A2C52F062003A8B06 /* Debug */,
				EAF74E8B2C52F062003A8B06 /* Release */,
			);
			defaultConfigurationIsVisible = 0;
			defaultConfigurationName = Release;
		};
		EAF74E8C2C52F062003A8B06 /* Build configuration list for PBXNativeTarget "MissMatch" */ = {
			isa = XCConfigurationList;
			buildConfigurations = (
				EAF74E8D2C52F062003A8B06 /* Debug */,
				EAF74E8E2C52F062003A8B06 /* Release */,
			);
			defaultConfigurationIsVisible = 0;
			defaultConfigurationName = Release;
		};
/* End XCConfigurationList section */

/* Begin XCRemoteSwiftPackageReference section */
		EA44672E2C55901B00735A08 /* XCRemoteSwiftPackageReference "lottie-spm" */ = {
			isa = XCRemoteSwiftPackageReference;
			repositoryURL = "https://github.com/airbnb/lottie-spm.git";
			requirement = {
				kind = upToNextMajorVersion;
				minimumVersion = 4.5.0;
			};
		};
/* End XCRemoteSwiftPackageReference section */

/* Begin XCSwiftPackageProductDependency section */
		EA44672F2C55901C00735A08 /* Lottie */ = {
			isa = XCSwiftPackageProductDependency;
			package = EA44672E2C55901B00735A08 /* XCRemoteSwiftPackageReference "lottie-spm" */;
			productName = Lottie;
		};
/* End XCSwiftPackageProductDependency section */
	};
	rootObject = EAF74E762C52F05D003A8B06 /* Project object */;
}
